
Microsoft Visual Studio Solution File, Format Version 12.00
# Visual Studio Version 16
VisualStudioVersion = 16.0.31424.327
MinimumVisualStudioVersion = 10.0.40219.1
Project("{9A19103F-16F7-4668-BE54-9A1E7A4F7556}") = "AmhMailServer", "AmhMailServer\AmhMailServer.csproj", "{AD551B9D-BF31-4168-BCC8-A899E6340DE4}"
EndProject
Project("{9A19103F-16F7-4668-BE54-9A1E7A4F7556}") = "MailPost", "MailPost\MailPost.csproj", "{3BC1076E-DD08-421E-80BA-55CA6F42843C}"
EndProject
Project("{9A19103F-16F7-4668-BE54-9A1E7A4F7556}") = "NetCoreServer", "NetCoreServer\NetCoreServer.csproj", "{2CA60E2B-508A-4888-AE2E-E520181C1D7F}"
EndProject
Project("{9A19103F-16F7-4668-BE54-9A1E7A4F7556}") = "AspNetCore.DataProtector", "AspNetCore.DataProtector\AspNetCore.DataProtector.csproj", "{51938D35-DD0A-4169-90B8-FF1A8D3045A4}"
EndProject
Global
	GlobalSection(SolutionConfigurationPlatforms) = preSolution
		Debug|Any CPU = Debug|Any CPU
		Release|Any CPU = Release|Any CPU
	EndGlobalSection
	GlobalSection(ProjectConfigurationPlatforms) = postSolution
		{AD551B9D-BF31-4168-BCC8-A899E6340DE4}.Debug|Any CPU.ActiveCfg = Debug|Any CPU
		{AD551B9D-BF31-4168-BCC8-A899E6340DE4}.Debug|Any CPU.Build.0 = Debug|Any CPU
		{AD551B9D-BF31-4168-BCC8-A899E6340DE4}.Release|Any CPU.ActiveCfg = Release|Any CPU
		{AD551B9D-BF31-4168-BCC8-A899E6340DE4}.Release|Any CPU.Build.0 = Release|Any CPU
		{3BC1076E-DD08-421E-80BA-55CA6F42843C}.Debug|Any CPU.ActiveCfg = Debug|Any CPU
		{3BC1076E-DD08-421E-80BA-55CA6F42843C}.Debug|Any CPU.Build.0 = Debug|Any CPU
		{3BC1076E-DD08-421E-80BA-55CA6F42843C}.Release|Any CPU.ActiveCfg = Release|Any CPU
		{3BC1076E-DD08-421E-80BA-55CA6F42843C}.Release|Any CPU.Build.0 = Release|Any CPU
		{2CA60E2B-508A-4888-AE2E-E520181C1D7F}.Debug|Any CPU.ActiveCfg = Debug|Any CPU
		{2CA60E2B-508A-4888-AE2E-E520181C1D7F}.Debug|Any CPU.Build.0 = Debug|Any CPU
		{2CA60E2B-508A-4888-AE2E-E520181C1D7F}.Release|Any CPU.ActiveCfg = Release|Any CPU
		{2CA60E2B-508A-4888-AE2E-E520181C1D7F}.Release|Any CPU.Build.0 = Release|Any CPU
		{51938D35-DD0A-4169-90B8-FF1A8D3045A4}.Debug|Any CPU.ActiveCfg = Debug|Any CPU
		{51938D35-DD0A-4169-90B8-FF1A8D3045A4}.Debug|Any CPU.Build.0 = Debug|Any CPU
		{51938D35-DD0A-4169-90B8-FF1A8D3045A4}.Release|Any CPU.ActiveCfg = Release|Any CPU
		{51938D35-DD0A-4169-90B8-FF1A8D3045A4}.Release|Any CPU.Build.0 = Release|Any CPU
	EndGlobalSection
	GlobalSection(SolutionProperties) = preSolution
		HideSolutionNode = FALSE
	EndGlobalSection
	GlobalSection(ExtensibilityGlobals) = postSolution
		SolutionGuid = {5582D403-F864-4DA3-9B3D-10E3B6CC3F3F}
	EndGlobalSection
EndGlobal
